Microsoft Visual Studio Solution File, Format Version 12.00
# Visual Studio Version 17
VisualStudioVersion = 17.5.2.0
MinimumVisualStudioVersion = 10.0.40219.1
Project("{FAE04EC0-301F-11D3-BF4B-00C04F79EFBC}") = "MiAp", "MiAp.csproj", "{28DDAFAF-E945-9C34-2500-6E59F1064242}"
EndProject
Global
	GlobalSection(SolutionConfigurationPlatforms) = preSolution
		Debug|Any CPU = Debug|Any CPU
		Release|Any CPU = Release|Any CPU
	EndGlobalSection
	GlobalSection(ProjectConfigurationPlatforms) = postSolution
		{28DDAFAF-E945-9C34-2500-6E59F1064242}.Debug|Any CPU.ActiveCfg = Debug|Any CPU
		{28DDAFAF-E945-9C34-2500-6E59F1064242}.Debug|Any CPU.Build.0 = Debug|Any CPU
		{28DDAFAF-E945-9C34-2500-6E59F1064242}.Release|Any CPU.ActiveCfg = Release|Any CPU
		{28DDAFAF-E945-9C34-2500-6E59F1064242}.Release|Any CPU.Build.0 = Release|Any CPU
	EndGlobalSection
	GlobalSection(SolutionProperties) = preSolution
		HideSolutionNode = FALSE
	EndGlobalSection
	GlobalSection(ExtensibilityGlobals) = postSolution
		SolutionGuid = {784E2A8D-6399-4640-BB76-EA54221F923D}
	EndGlobalSection
EndGlobal
